github.com/davecgh/go-spew v1.1.1 h1:vj9j/u1bqnvCEfJOwUhtlOARqs3+rkHYY13jYWTU97c=
github.com/davecgh/go-spew v1.1.1/go.mod h1:J7Y8YcW2NihsgmVo/mv3lAwl/skON4iLHjSsI+c5H38=
github.com/magejiCoder/magejiAoc v0.0.14 h1:CcfuzkdkPHlbNm3GNafesodO5d65VRJQ5wqloxzKnnM=
github.com/magejiCoder/magejiAoc v0.0.14/go.mod h1:485NlLWAkaMGbMeo9nmvdtpLwTF9Jh+AWEQDoWk2PwY=
github.com/magejiCoder/set v0.0.0-20220316024806-489304061977 h1:Qq500vKWiKKFKCZAqViEqK/N/6oq2RwJa/IDR4y0rn4=
github.com/magejiCoder/set v0.0.0-20220316024806-489304061977/go.mod h1:eTLqIs7EGJmwj9kN/Rfd27q2dofYTw52JqyewbBdar4=
github.com/pmezard/go-difflib v1.0.0 h1:4DBwDE0NGyQoBHbLQYPwSUPoCMWR5BEzIk/f1lZbAQM=
github.com/pmezard/go-difflib v1.0.0/go.mod h1:iKH77koFhYxTK1pcRnkKkqfTogsbg7gZNVY4sRDYZ/4=
github.com/scbizu/aoc2022 v0.0.0-20230129070201-9efd4d943e02 h1:qJiQOu+qaPvK6ZZ6P/Cul/1HfApG9wwYt1fw0vo6aB0=
github.com/scbizu/aoc2022 v0.0.0-20230129070201-9efd4d943e02/go.mod h1:+un+z/llLkcf03iAGBYXFKu044OARdskgb+ZqYvvGUQ=
github.com/stretchr/testify v1.8.4 h1:CcVxjf3Q8PM0mHUKJCdn+eZZtm5yQwehR5yeSVQQcUk=
github.com/stretchr/testify v1.8.4/go.mod h1:sz/lmYIOXD/1dqDmKjjqLyZ2RngseejIcXlSw2iwfAo=
golang.org/x/exp v0.0.0-20231214170342-aacd6d4b4611 h1:qCEDpW1G+vcj3Y7Fy52pEM1AWm3abj8WimGYejI3SC4=
golang.org/x/exp v0.0.0-20231214170342-aacd6d4b4611/go.mod h1:iRJReGqOEeBhDZGkGbynYwcHlctCvnjTYIamk7uXpHI=
gopkg.in/yaml.v3 v3.0.1 h1:fxVm/GzAzEWqLHuvctI91KS9hhNmmWOoWu0XTYJS7CA=
gopkg.in/yaml.v3 v3.0.1/go.mod h1:K4uyk7z7BCEPqu6E+C64Yfv1cQ7kz7rIZviUmN+EgEM=
