github.com/magejiCoder/set v0.0.0-20220316024806-489304061977 h1:Qq500vKWiKKFKCZAqViEqK/N/6oq2RwJa/IDR4y0rn4=
github.com/magejiCoder/set v0.0.0-20220316024806-489304061977/go.mod h1:eTLqIs7EGJmwj9kN/Rfd27q2dofYTw52JqyewbBdar4=
github.com/scbizu/aoc2022 v0.0.0-20230129070201-9efd4d943e02 h1:qJiQOu+qaPvK6ZZ6P/Cul/1HfApG9wwYt1fw0vo6aB0=
github.com/scbizu/aoc2022 v0.0.0-20230129070201-9efd4d943e02/go.mod h1:+un+z/llLkcf03iAGBYXFKu044OARdskgb+ZqYvvGUQ=
golang.org/x/exp v0.0.0-20221211140036-ad323defaf05 h1:T8EldfGCcveFMewH5xAYxxoX3PSQMrsechlUGVFlQBU=
golang.org/x/exp v0.0.0-20221211140036-ad323defaf05/go.mod h1:CxIveKay+FTh1D0yPZemJVgC/95VzuuOLq5Qi4xnoYc=
