github.com/magejiCoder/magejiAoc v0.0.1 h1:Quvb/1cEo0+apWyZ5GQwIRLTYk0dDB5toaTzrQn11R8=
github.com/magejiCoder/magejiAoc v0.0.1/go.mod h1:VqQc9Wn2C5qXy9gQxpXum3YnRvo7Vn4YV55OQa4muwE=
github.com/magejiCoder/set v0.0.0-20220316024806-489304061977 h1:Qq500vKWiKKFKCZAqViEqK/N/6oq2RwJa/IDR4y0rn4=
github.com/magejiCoder/set v0.0.0-20220316024806-489304061977/go.mod h1:eTLqIs7EGJmwj9kN/Rfd27q2dofYTw52JqyewbBdar4=
github.com/scbizu/aoc2022 v0.0.0-20230129070201-9efd4d943e02 h1:qJiQOu+qaPvK6ZZ6P/Cul/1HfApG9wwYt1fw0vo6aB0=
github.com/scbizu/aoc2022 v0.0.0-20230129070201-9efd4d943e02/go.mod h1:+un+z/llLkcf03iAGBYXFKu044OARdskgb+ZqYvvGUQ=
golang.org/x/exp v0.0.0-20231214170342-aacd6d4b4611 h1:qCEDpW1G+vcj3Y7Fy52pEM1AWm3abj8WimGYejI3SC4=
golang.org/x/exp v0.0.0-20231214170342-aacd6d4b4611/go.mod h1:iRJReGqOEeBhDZGkGbynYwcHlctCvnjTYIamk7uXpHI=
